
Microsoft Visual Studio Solution File, Format Version 12.00
# Visual Studio 11
Project("{FAE04EC0-301F-11D3-BF4B-00C04F79EFBC}") = "echoprint-net", "echoprint-net\echoprint-net.csproj", "{B10C0A06-237B-4816-9A13-0D57B5BBA7D6}"
EndProject
Project("{FAE04EC0-301F-11D3-BF4B-00C04F79EFBC}") = "LibraryDeduplicator", "LibraryDeduplicator\LibraryDeduplicator.csproj", "{5396F441-AAE9-44C3-B496-76784DF24696}"
EndProject
Project("{FAE04EC0-301F-11D3-BF4B-00C04F79EFBC}") = "SongIdentifier", "SongIdentifier\SongIdentifier.csproj", "{41653916-3653-40B4-A904-7CFB3237E9F0}"
EndProject
Project("{8BC9CEB8-8B4A-11D0-8D11-00A0C91BC942}") = "echoprint-cli", "echoprint-cli\echoprint-cli.vcxproj", "{287808AC-B48F-17FE-BB11-BE578B6B7907}"
EndProject
Global
	GlobalSection(SolutionConfigurationPlatforms) = preSolution
		Debug|Any CPU = Debug|Any CPU
		Debug|Mixed Platforms = Debug|Mixed Platforms
		Debug|Win32 = Debug|Win32
		Release|Any CPU = Release|Any CPU
		Release|Mixed Platforms = Release|Mixed Platforms
		Release|Win32 = Release|Win32
	EndGlobalSection
	GlobalSection(ProjectConfigurationPlatforms) = postSolution
		{287808AC-B48F-17FE-BB11-BE578B6B7907}.Debug|Any CPU.ActiveCfg = Debug|Win32
		{287808AC-B48F-17FE-BB11-BE578B6B7907}.Debug|Mixed Platforms.ActiveCfg = Debug|Win32
		{287808AC-B48F-17FE-BB11-BE578B6B7907}.Debug|Mixed Platforms.Build.0 = Debug|Win32
		{287808AC-B48F-17FE-BB11-BE578B6B7907}.Debug|Win32.ActiveCfg = Debug|Win32
		{287808AC-B48F-17FE-BB11-BE578B6B7907}.Debug|Win32.Build.0 = Debug|Win32
		{287808AC-B48F-17FE-BB11-BE578B6B7907}.Release|Any CPU.ActiveCfg = Release|Win32
		{287808AC-B48F-17FE-BB11-BE578B6B7907}.Release|Mixed Platforms.ActiveCfg = Release|Win32
		{287808AC-B48F-17FE-BB11-BE578B6B7907}.Release|Mixed Platforms.Build.0 = Release|Win32
		{287808AC-B48F-17FE-BB11-BE578B6B7907}.Release|Win32.ActiveCfg = Release|Win32
		{287808AC-B48F-17FE-BB11-BE578B6B7907}.Release|Win32.Build.0 = Release|Win32
		{41653916-3653-40B4-A904-7CFB3237E9F0}.Debug|Any CPU.ActiveCfg = Debug|Any CPU
		{41653916-3653-40B4-A904-7CFB3237E9F0}.Debug|Any CPU.Build.0 = Debug|Any CPU
		{41653916-3653-40B4-A904-7CFB3237E9F0}.Debug|Mixed Platforms.ActiveCfg = Debug|Any CPU
		{41653916-3653-40B4-A904-7CFB3237E9F0}.Debug|Mixed Platforms.Build.0 = Debug|Any CPU
		{41653916-3653-40B4-A904-7CFB3237E9F0}.Debug|Win32.ActiveCfg = Debug|Any CPU
		{41653916-3653-40B4-A904-7CFB3237E9F0}.Release|Any CPU.ActiveCfg = Release|Any CPU
		{41653916-3653-40B4-A904-7CFB3237E9F0}.Release|Any CPU.Build.0 = Release|Any CPU
		{41653916-3653-40B4-A904-7CFB3237E9F0}.Release|Mixed Platforms.ActiveCfg = Release|Any CPU
		{41653916-3653-40B4-A904-7CFB3237E9F0}.Release|Mixed Platforms.Build.0 = Release|Any CPU
		{41653916-3653-40B4-A904-7CFB3237E9F0}.Release|Win32.ActiveCfg = Release|Any CPU
		{5396F441-AAE9-44C3-B496-76784DF24696}.Debug|Any CPU.ActiveCfg = Debug|Any CPU
		{5396F441-AAE9-44C3-B496-76784DF24696}.Debug|Any CPU.Build.0 = Debug|Any CPU
		{5396F441-AAE9-44C3-B496-76784DF24696}.Debug|Mixed Platforms.ActiveCfg = Debug|Any CPU
		{5396F441-AAE9-44C3-B496-76784DF24696}.Debug|Mixed Platforms.Build.0 = Debug|Any CPU
		{5396F441-AAE9-44C3-B496-76784DF24696}.Debug|Win32.ActiveCfg = Debug|Any CPU
		{5396F441-AAE9-44C3-B496-76784DF24696}.Release|Any CPU.ActiveCfg = Release|Any CPU
		{5396F441-AAE9-44C3-B496-76784DF24696}.Release|Any CPU.Build.0 = Release|Any CPU
		{5396F441-AAE9-44C3-B496-76784DF24696}.Release|Mixed Platforms.ActiveCfg = Release|Any CPU
		{5396F441-AAE9-44C3-B496-76784DF24696}.Release|Mixed Platforms.Build.0 = Release|Any CPU
		{5396F441-AAE9-44C3-B496-76784DF24696}.Release|Win32.ActiveCfg = Release|Any CPU
		{B10C0A06-237B-4816-9A13-0D57B5BBA7D6}.Debug|Any CPU.ActiveCfg = Debug|Any CPU
		{B10C0A06-237B-4816-9A13-0D57B5BBA7D6}.Debug|Any CPU.Build.0 = Debug|Any CPU
		{B10C0A06-237B-4816-9A13-0D57B5BBA7D6}.Debug|Mixed Platforms.ActiveCfg = Debug|Any CPU
		{B10C0A06-237B-4816-9A13-0D57B5BBA7D6}.Debug|Mixed Platforms.Build.0 = Debug|Any CPU
		{B10C0A06-237B-4816-9A13-0D57B5BBA7D6}.Debug|Win32.ActiveCfg = Debug|Any CPU
		{B10C0A06-237B-4816-9A13-0D57B5BBA7D6}.Release|Any CPU.ActiveCfg = Release|Any CPU
		{B10C0A06-237B-4816-9A13-0D57B5BBA7D6}.Release|Any CPU.Build.0 = Release|Any CPU
		{B10C0A06-237B-4816-9A13-0D57B5BBA7D6}.Release|Mixed Platforms.ActiveCfg = Release|Any CPU
		{B10C0A06-237B-4816-9A13-0D57B5BBA7D6}.Release|Mixed Platforms.Build.0 = Release|Any CPU
		{B10C0A06-237B-4816-9A13-0D57B5BBA7D6}.Release|Win32.ActiveCfg = Release|Any CPU
	EndGlobalSection
	GlobalSection(SolutionProperties) = preSolution
		HideSolutionNode = FALSE
	EndGlobalSection
EndGlobal
